
Microsoft Visual Studio Solution File, Format Version 12.00
# Visual Studio Version 17
VisualStudioVersion = 17.6.33815.320
MinimumVisualStudioVersion = 10.0.40219.1
Project("{FAE04EC0-301F-11D3-BF4B-00C04F79EFBC}") = "AttributeUsage", "AttributeUsage\AttributeUsage.csproj", "{0AC07299-FA1B-4DD5-B0ED-80C8B129F5FF}"
EndProject
Global
	GlobalSection(SolutionConfigurationPlatforms) = preSolution
		Debug|Any CPU = Debug|Any CPU
		Release|Any CPU = Release|Any CPU
	EndGlobalSection
	GlobalSection(ProjectConfigurationPlatforms) = postSolution
		{0AC07299-FA1B-4DD5-B0ED-80C8B129F5FF}.Debug|Any CPU.ActiveCfg = Debug|Any CPU
		{0AC07299-FA1B-4DD5-B0ED-80C8B129F5FF}.Debug|Any CPU.Build.0 = Debug|Any CPU
		{0AC07299-FA1B-4DD5-B0ED-80C8B129F5FF}.Release|Any CPU.ActiveCfg = Release|Any CPU
		{0AC07299-FA1B-4DD5-B0ED-80C8B129F5FF}.Release|Any CPU.Build.0 = Release|Any CPU
	EndGlobalSection
	GlobalSection(SolutionProperties) = preSolution
		HideSolutionNode = FALSE
	EndGlobalSection
	GlobalSection(ExtensibilityGlobals) = postSolution
		SolutionGuid = {ED68339F-2391-4ED6-BD96-931CFB28D574}
	EndGlobalSection
EndGlobal
